PODS:
  - GCDWebServer (3.5.4):
    - GCDWebServer/Core (= 3.5.4)
  - GCDWebServer/Core (3.5.4)
  - SwiftyBeaver (1.9.5)
  - WebDBG (0.0.3):
    - GCDWebServer (~> 3.0)
    - SwiftyBeaver

DEPENDENCIES:
  - WebDBG (from `../`)

SPEC REPOS:
  trunk:
    - GCDWebServer
    - SwiftyBeaver

EXTERNAL SOURCES:
  WebDBG:
    :path: "../"

SPEC CHECKSUMS:
  GCDWebServer: 2c156a56c8226e2d5c0c3f208a3621ccffbe3ce4
  SwiftyBeaver: 84069991dd5dca07d7069100985badaca7f0ce82
  WebDBG: 19670844cc84eee6ca0cb3bfb39a76016efb8c2a

PODFILE CHECKSUM: 63150167eaa066bc786f5936b1a68571bb273926

COCOAPODS: 1.11.2
